{
  "version": 4,
  "terraform_version": "1.14.8",
  "serial": 15,
  "lineage": "c790d8f6-9a15-f72c-ac09-d717703a4d4a",
  "outputs": {
    "floating_ip": {
      "value": "192.5.87.69",
      "type": "string"
    },
    "kubeconfig_copy_command": {
      "value": "scp cc@192.5.87.69:/etc/rancher/k3s/k3s.yaml ~/.kube/dms-k3s.yaml",
      "type": "string"
    },
    "ssh_command": {
      "value": "ssh cc@192.5.87.69",
      "type": "string"
    }
  },
  "resources": [
    {
      "mode": "data",
      "type": "openstack_networking_network_v2",
      "name": "private",
      "provider": "provider[\"registry.terraform.io/terraform-provider-openstack/openstack\"]",
      "instances": [
        {
          "schema_version": 0,
          "attributes": {
            "admin_state_up": "true",
            "all_tags": [],
            "availability_zone_hints": [],
            "description": "",
            "dns_domain": "",
            "external": false,
            "id": "a772a899-ff3d-420b-8b31-1c485092481a",
            "matching_subnet_cidr": null,
            "mtu": 1500,
            "name": "sharednet1",
            "network_id": null,
            "region": "CHI@UC",
            "segments": [],
            "shared": "true",
            "status": null,
            "subnets": [
              "b872f0eb-8367-4865-a34e-409cdf34f159"
            ],
            "tags": null,
            "tenant_id": "570aad8999f7499db99eae22fe9b29bb",
            "transparent_vlan": false
          },
          "sensitive_attributes": [],
          "identity_schema_version": 0
        }
      ]
    },
    {
      "mode": "managed",
      "type": "openstack_compute_instance_v2",
      "name": "dms",
      "provider": "provider[\"registry.terraform.io/terraform-provider-openstack/openstack\"]",
      "instances": [
        {
          "status": "tainted",
          "schema_version": 0,
          "attributes": {
            "access_ip_v4": null,
            "access_ip_v6": null,
            "admin_pass": null,
            "all_metadata": null,
            "all_tags": [],
            "availability_zone": null,
            "availability_zone_hints": null,
            "block_device": [],
            "config_drive": null,
            "created": null,
            "flavor_id": null,
            "flavor_name": "baremetal",
            "floating_ip": null,
            "force_delete": false,
            "id": "e0166620-8c97-4018-b76a-91471304ae5f",
            "image_id": null,
            "image_name": "CC-Ubuntu22.04",
            "key_pair": "nidhish-mac",
            "metadata": null,
            "name": "proj26-dms-k3s",
            "network": [
              {
                "access_network": false,
                "fixed_ip_v4": "",
                "fixed_ip_v6": "",
                "floating_ip": "",
                "mac": "",
                "name": "",
                "port": "",
                "uuid": "a772a899-ff3d-420b-8b31-1c485092481a"
              }
            ],
            "network_mode": null,
            "personality": [],
            "power_state": "active",
            "region": null,
            "scheduler_hints": [],
            "security_groups": [
              "proj26-dms-k3s-sg"
            ],
            "stop_before_destroy": false,
            "tags": null,
            "timeouts": null,
            "updated": null,
            "user_data": "a49b7621bafe9512fa283c3d834e12fba2d44682",
            "vendor_options": [],
            "volume": []
          },
          "sensitive_attributes": [
            [
              {
                "type": "get_attr",
                "value": "admin_pass"
              }
            ]
          ],
          "identity_schema_version": 0,
          "private": "eyJlMmJmYjczMC1lY2FhLTExZTYtOGY4OC0zNDM2M2JjN2M0YzAiOnsiY3JlYXRlIjoxODAwMDAwMDAwMDAwLCJkZWxldGUiOjE4MDAwMDAwMDAwMDAsInVwZGF0ZSI6MTgwMDAwMDAwMDAwMH19",
          "dependencies": [
            "data.openstack_networking_network_v2.private",
            "openstack_networking_secgroup_v2.dms"
          ]
        }
      ]
    },
    {
      "mode": "managed",
      "type": "openstack_networking_floatingip_v2",
      "name": "dms_fip",
      "provider": "provider[\"registry.terraform.io/terraform-provider-openstack/openstack\"]",
      "instances": [
        {
          "schema_version": 0,
          "attributes": {
            "address": "192.5.87.69",
            "all_tags": [],
            "description": "",
            "dns_domain": "",
            "dns_name": "",
            "fixed_ip": "",
            "id": "e2993446-a03f-4d6d-9261-cf288a80720a",
            "pool": "public",
            "port_id": "",
            "region": "CHI@UC",
            "subnet_id": null,
            "subnet_ids": null,
            "tags": [],
            "tenant_id": "7c0a7a1952e44c94aa75cae1ff5dc9b4",
            "timeouts": null,
            "value_specs": null
          },
          "sensitive_attributes": [],
          "identity_schema_version": 0,
          "private": "eyJlMmJmYjczMC1lY2FhLTExZTYtOGY4OC0zNDM2M2JjN2M0YzAiOnsiY3JlYXRlIjo2MDAwMDAwMDAwMDAsImRlbGV0ZSI6NjAwMDAwMDAwMDAwfX0="
        }
      ]
    },
    {
      "mode": "managed",
      "type": "openstack_networking_secgroup_rule_v2",
      "name": "api",
      "provider": "provider[\"registry.terraform.io/terraform-provider-openstack/openstack\"]",
      "instances": [
        {
          "schema_version": 0,
          "attributes": {
            "description": "",
            "direction": "ingress",
            "ethertype": "IPv4",
            "id": "fcb876f5-4698-4edb-b68d-e0ca7c504955",
            "port_range_max": 30080,
            "port_range_min": 30080,
            "protocol": "tcp",
            "region": "CHI@UC",
            "remote_group_id": "",
            "remote_ip_prefix": "68.129.187.26/32",
            "security_group_id": "fa5dae39-6143-40f7-af35-eb6fbca273bb",
            "tenant_id": "7c0a7a1952e44c94aa75cae1ff5dc9b4",
            "timeouts": null
          },
          "sensitive_attributes": [],
          "identity_schema_version": 0,
          "private": "eyJlMmJmYjczMC1lY2FhLTExZTYtOGY4OC0zNDM2M2JjN2M0YzAiOnsiZGVsZXRlIjo2MDAwMDAwMDAwMDB9fQ==",
          "dependencies": [
            "openstack_networking_secgroup_v2.dms"
          ]
        }
      ]
    },
    {
      "mode": "managed",
      "type": "openstack_networking_secgroup_rule_v2",
      "name": "ssh",
      "provider": "provider[\"registry.terraform.io/terraform-provider-openstack/openstack\"]",
      "instances": [
        {
          "schema_version": 0,
          "attributes": {
            "description": "",
            "direction": "ingress",
            "ethertype": "IPv4",
            "id": "a599b60e-144d-4dba-bd7b-5b6e49552fee",
            "port_range_max": 22,
            "port_range_min": 22,
            "protocol": "tcp",
            "region": "CHI@UC",
            "remote_group_id": "",
            "remote_ip_prefix": "68.129.187.26/32",
            "security_group_id": "fa5dae39-6143-40f7-af35-eb6fbca273bb",
            "tenant_id": "7c0a7a1952e44c94aa75cae1ff5dc9b4",
            "timeouts": null
          },
          "sensitive_attributes": [],
          "identity_schema_version": 0,
          "private": "eyJlMmJmYjczMC1lY2FhLTExZTYtOGY4OC0zNDM2M2JjN2M0YzAiOnsiZGVsZXRlIjo2MDAwMDAwMDAwMDB9fQ==",
          "dependencies": [
            "openstack_networking_secgroup_v2.dms"
          ]
        }
      ]
    },
    {
      "mode": "managed",
      "type": "openstack_networking_secgroup_v2",
      "name": "dms",
      "provider": "provider[\"registry.terraform.io/terraform-provider-openstack/openstack\"]",
      "instances": [
        {
          "schema_version": 0,
          "attributes": {
            "all_tags": [],
            "delete_default_rules": null,
            "description": "DMS K3s security group",
            "id": "fa5dae39-6143-40f7-af35-eb6fbca273bb",
            "name": "proj26-dms-k3s-sg",
            "region": "CHI@UC",
            "tags": [],
            "tenant_id": "7c0a7a1952e44c94aa75cae1ff5dc9b4",
            "timeouts": null
          },
          "sensitive_attributes": [],
          "identity_schema_version": 0,
          "private": "eyJlMmJmYjczMC1lY2FhLTExZTYtOGY4OC0zNDM2M2JjN2M0YzAiOnsiZGVsZXRlIjo2MDAwMDAwMDAwMDB9fQ=="
        }
      ]
    }
  ],
  "check_results": null
}
